/work/FAC/FBM/DMF/smitri/evomicrocomm/genome_size/data/ancestors/oa/assembly.contigs.polypolish.fasta
/work/FAC/FBM/DMF/smitri/evomicrocomm/genome_size/data/ancestors/oa/mapped_illumina_read1.sam
/work/FAC/FBM/DMF/smitri/evomicrocomm/genome_size/data/ancestors/oa/mapped_illumina_read2.sam
/work/FAC/FBM/DMF/smitri/evomicrocomm/genome_size/data/ancestors/oa/assembly.contigs.racon.fasta
/work/FAC/FBM/DMF/smitri/evomicrocomm/genome_size/data/ancestors/oa/read1.filtered.fastq
/work/FAC/FBM/DMF/smitri/evomicrocomm/genome_size/data/ancestors/oa/read2.filtered.fastq
/work/FAC/FBM/DMF/smitri/evomicrocomm/genome_size/data/ancestors/oa/assembly.contigs.racon.fasta
/work/FAC/FBM/DMF/smitri/evomicrocomm/genome_size/data/ancestors/oa/canu/assembly.contigs.fasta
/work/FAC/FBM/DMF/smitri/evomicrocomm/genome_size/data/ancestors/oa/pacbio_reads.filtered.fastq.gz
/work/FAC/FBM/DMF/smitri/evomicrocomm/genome_size/data/ancestors/oa/mapped_pacbio_reads.sam
/work/FAC/FBM/DMF/smitri/evomicrocomm/genome_size/data/ancestors/oa/pacbio_reads.filtered.fastq.gz
/work/FAC/FBM/DMF/smitri/evomicrocomm/genome_size/data/ancestors/oa/pacbio_reads.filtered.fastq.gz
/work/FAC/FBM/DMF/smitri/evomicrocomm/genome_size/data/ancestors/oa/canu/assembly.contigs.fasta
/work/FAC/FBM/DMF/smitri/evomicrocomm/genome_size/data/ancestors/ms/assembly.contigs.polypolish.fasta
/work/FAC/FBM/DMF/smitri/evomicrocomm/genome_size/data/ancestors/ms/mapped_illumina_read1.sam
/work/FAC/FBM/DMF/smitri/evomicrocomm/genome_size/data/ancestors/ms/mapped_illumina_read2.sam
/work/FAC/FBM/DMF/smitri/evomicrocomm/genome_size/data/ancestors/ms/assembly.contigs.racon.fasta
/work/FAC/FBM/DMF/smitri/evomicrocomm/genome_size/data/ancestors/ms/read1.filtered.fastq
/work/FAC/FBM/DMF/smitri/evomicrocomm/genome_size/data/ancestors/ms/read2.filtered.fastq
/work/FAC/FBM/DMF/smitri/evomicrocomm/genome_size/data/ancestors/ms/assembly.contigs.racon.fasta
/work/FAC/FBM/DMF/smitri/evomicrocomm/genome_size/data/ancestors/ms/canu/assembly.contigs.fasta
/work/FAC/FBM/DMF/smitri/evomicrocomm/genome_size/data/ancestors/ms/pacbio_reads.filtered.fastq.gz
/work/FAC/FBM/DMF/smitri/evomicrocomm/genome_size/data/ancestors/ms/mapped_pacbio_reads.sam
/work/FAC/FBM/DMF/smitri/evomicrocomm/genome_size/data/ancestors/ms/pacbio_reads.filtered.fastq.gz
/work/FAC/FBM/DMF/smitri/evomicrocomm/genome_size/data/ancestors/ms/pacbio_reads.filtered.fastq.gz
/work/FAC/FBM/DMF/smitri/evomicrocomm/genome_size/data/ancestors/ms/canu/assembly.contigs.fasta
/work/FAC/FBM/DMF/smitri/evomicrocomm/genome_size/data/ancestors/ct/assembly.contigs.polypolish.fasta
/work/FAC/FBM/DMF/smitri/evomicrocomm/genome_size/data/ancestors/ct/mapped_illumina_read1.sam
/work/FAC/FBM/DMF/smitri/evomicrocomm/genome_size/data/ancestors/ct/mapped_illumina_read2.sam
/work/FAC/FBM/DMF/smitri/evomicrocomm/genome_size/data/ancestors/ct/assembly.contigs.racon.fasta
/work/FAC/FBM/DMF/smitri/evomicrocomm/genome_size/data/ancestors/ct/read1.filtered.fastq
/work/FAC/FBM/DMF/smitri/evomicrocomm/genome_size/data/ancestors/ct/read2.filtered.fastq
/work/FAC/FBM/DMF/smitri/evomicrocomm/genome_size/data/ancestors/ct/assembly.contigs.racon.fasta
/work/FAC/FBM/DMF/smitri/evomicrocomm/genome_size/data/ancestors/ct/canu/assembly.contigs.fasta
/work/FAC/FBM/DMF/smitri/evomicrocomm/genome_size/data/ancestors/ct/pacbio_reads.filtered.fastq.gz
/work/FAC/FBM/DMF/smitri/evomicrocomm/genome_size/data/ancestors/ct/mapped_pacbio_reads.sam
/work/FAC/FBM/DMF/smitri/evomicrocomm/genome_size/data/ancestors/ct/pacbio_reads.filtered.fastq.gz
/work/FAC/FBM/DMF/smitri/evomicrocomm/genome_size/data/ancestors/ct/pacbio_reads.filtered.fastq.gz
/work/FAC/FBM/DMF/smitri/evomicrocomm/genome_size/data/ancestors/ct/canu/assembly.contigs.fasta
/work/FAC/FBM/DMF/smitri/evomicrocomm/genome_size/data/ancestors/at/assembly.contigs.polypolish.fasta
/work/FAC/FBM/DMF/smitri/evomicrocomm/genome_size/data/ancestors/at/mapped_illumina_read1.sam
/work/FAC/FBM/DMF/smitri/evomicrocomm/genome_size/data/ancestors/at/mapped_illumina_read2.sam
/work/FAC/FBM/DMF/smitri/evomicrocomm/genome_size/data/ancestors/at/assembly.contigs.racon.fasta
/work/FAC/FBM/DMF/smitri/evomicrocomm/genome_size/data/ancestors/at/read1.filtered.fastq
/work/FAC/FBM/DMF/smitri/evomicrocomm/genome_size/data/ancestors/at/read2.filtered.fastq
/work/FAC/FBM/DMF/smitri/evomicrocomm/genome_size/data/ancestors/at/assembly.contigs.racon.fasta
/work/FAC/FBM/DMF/smitri/evomicrocomm/genome_size/data/ancestors/at/canu/assembly.contigs.fasta
/work/FAC/FBM/DMF/smitri/evomicrocomm/genome_size/data/ancestors/at/pacbio_reads.filtered.fastq.gz
/work/FAC/FBM/DMF/smitri/evomicrocomm/genome_size/data/ancestors/at/mapped_pacbio_reads.sam
/work/FAC/FBM/DMF/smitri/evomicrocomm/genome_size/data/ancestors/at/pacbio_reads.filtered.fastq.gz
/work/FAC/FBM/DMF/smitri/evomicrocomm/genome_size/data/ancestors/at/pacbio_reads.filtered.fastq.gz
/work/FAC/FBM/DMF/smitri/evomicrocomm/genome_size/data/ancestors/at/canu/assembly.contigs.fasta
