/work/FAC/FBM/DMF/smitri/evomicrocomm/genome_size/data/ancestors/ct/bakta/assembly.contigs.polypolish.gbff
/work/FAC/FBM/DMF/smitri/evomicrocomm/genome_size/data/ancestors/oa/bakta/assembly.contigs.polypolish.gbff
/work/FAC/FBM/DMF/smitri/evomicrocomm/genome_size/data/ancestors/at/bakta/assembly.contigs.polypolish.gbff
/work/FAC/FBM/DMF/smitri/evomicrocomm/genome_size/data/ancestors/ms/bakta/assembly.contigs.polypolish.gbff
